
Microsoft Visual Studio Solution File, Format Version 12.00
# Visual Studio 15
VisualStudioVersion = 15.0.27004.2009
MinimumVisualStudioVersion = 10.0.40219.1
Project("{8BC9CEB8-8B4A-11D0-8D11-00A0C91BC942}") = "Wybor", "Wybor\Wybor.vcxproj", "{58772188-D635-4C10-AC62-EEAB9341F801}"
EndProject
Global
	GlobalSection(SolutionConfigurationPlatforms) = preSolution
		Debug|x64 = Debug|x64
		Debug|x86 = Debug|x86
		Release|x64 = Release|x64
		Release|x86 = Release|x86
	EndGlobalSection
	GlobalSection(ProjectConfigurationPlatforms) = postSolution
		{58772188-D635-4C10-AC62-EEAB9341F801}.Debug|x64.ActiveCfg = Debug|x64
		{58772188-D635-4C10-AC62-EEAB9341F801}.Debug|x64.Build.0 = Debug|x64
		{58772188-D635-4C10-AC62-EEAB9341F801}.Debug|x86.ActiveCfg = Debug|Win32
		{58772188-D635-4C10-AC62-EEAB9341F801}.Debug|x86.Build.0 = Debug|Win32
		{58772188-D635-4C10-AC62-EEAB9341F801}.Release|x64.ActiveCfg = Release|x64
		{58772188-D635-4C10-AC62-EEAB9341F801}.Release|x64.Build.0 = Release|x64
		{58772188-D635-4C10-AC62-EEAB9341F801}.Release|x86.ActiveCfg = Release|Win32
		{58772188-D635-4C10-AC62-EEAB9341F801}.Release|x86.Build.0 = Release|Win32
	EndGlobalSection
	GlobalSection(SolutionProperties) = preSolution
		HideSolutionNode = FALSE
	EndGlobalSection
	GlobalSection(ExtensibilityGlobals) = postSolution
		SolutionGuid = {3EDA0D11-252E-49B4-B3F9-9E21290352B9}
	EndGlobalSection
EndGlobal
